{
  "nodes": {
    "emacs": {
      "inputs": {
        "flake-utils": "flake-utils_2",
        "nixpkgs": "nixpkgs"
      },
      "locked": {
        "lastModified": 1657840190,
        "narHash": "sha256-eg4YXDAUm/6E3zcQW7vebDuWosx2opJ/EgknDTr8cQ4=",
        "owner": "nix-community",
        "repo": "emacs-overlay",
        "rev": "b51bea50371cc7a98863fb64bf1aaa1126a68a36",
        "type": "github"
      },
      "original": {
        "owner": "nix-community",
        "repo": "emacs-overlay",
        "type": "github"
      }
    },
    "flake-compat": {
      "flake": false,
      "locked": {
        "lastModified": 1650374568,
        "narHash": "sha256-Z+s0J8/r907g149rllvwhb4pKi8Wam5ij0st8PwAh+E=",
        "owner": "edolstra",
        "repo": "flake-compat",
        "rev": "b4a34015c698c7793d592d66adbab377907a2be8",
        "type": "github"
      },
      "original": {
        "owner": "edolstra",
        "repo": "flake-compat",
        "type": "github"
      }
    },
    "flake-compat_2": {
      "flake": false,
      "locked": {
        "lastModified": 1650374568,
        "narHash": "sha256-Z+s0J8/r907g149rllvwhb4pKi8Wam5ij0st8PwAh+E=",
        "owner": "edolstra",
        "repo": "flake-compat",
        "rev": "b4a34015c698c7793d592d66adbab377907a2be8",
        "type": "github"
      },
      "original": {
        "owner": "edolstra",
        "repo": "flake-compat",
        "type": "github"
      }
    },
    "flake-compat_3": {
      "flake": false,
      "locked": {
        "lastModified": 1650374568,
        "narHash": "sha256-Z+s0J8/r907g149rllvwhb4pKi8Wam5ij0st8PwAh+E=",
        "owner": "edolstra",
        "repo": "flake-compat",
        "rev": "b4a34015c698c7793d592d66adbab377907a2be8",
        "type": "github"
      },
      "original": {
        "owner": "edolstra",
        "repo": "flake-compat",
        "type": "github"
      }
    },
    "flake-compat_4": {
      "flake": false,
      "locked": {
        "lastModified": 1650374568,
        "narHash": "sha256-Z+s0J8/r907g149rllvwhb4pKi8Wam5ij0st8PwAh+E=",
        "owner": "edolstra",
        "repo": "flake-compat",
        "rev": "b4a34015c698c7793d592d66adbab377907a2be8",
        "type": "github"
      },
      "original": {
        "owner": "edolstra",
        "repo": "flake-compat",
        "type": "github"
      }
    },
    "flake-utils": {
      "locked": {
        "lastModified": 1656928814,
        "narHash": "sha256-RIFfgBuKz6Hp89yRr7+NR5tzIAbn52h8vT6vXkYjZoM=",
        "owner": "numtide",
        "repo": "flake-utils",
        "rev": "7e2a3b3dfd9af950a856d66b0a7d01e3c18aa249",
        "type": "github"
      },
      "original": {
        "owner": "numtide",
        "repo": "flake-utils",
        "type": "github"
      }
    },
    "flake-utils_2": {
      "locked": {
        "lastModified": 1656928814,
        "narHash": "sha256-RIFfgBuKz6Hp89yRr7+NR5tzIAbn52h8vT6vXkYjZoM=",
        "owner": "numtide",
        "repo": "flake-utils",
        "rev": "7e2a3b3dfd9af950a856d66b0a7d01e3c18aa249",
        "type": "github"
      },
      "original": {
        "owner": "numtide",
        "repo": "flake-utils",
        "type": "github"
      }
    },
    "flake-utils_3": {
      "locked": {
        "lastModified": 1656928814,
        "narHash": "sha256-RIFfgBuKz6Hp89yRr7+NR5tzIAbn52h8vT6vXkYjZoM=",
        "owner": "numtide",
        "repo": "flake-utils",
        "rev": "7e2a3b3dfd9af950a856d66b0a7d01e3c18aa249",
        "type": "github"
      },
      "original": {
        "owner": "numtide",
        "repo": "flake-utils",
        "type": "github"
      }
    },
    "flake-utils_4": {
      "locked": {
        "lastModified": 1656928814,
        "narHash": "sha256-RIFfgBuKz6Hp89yRr7+NR5tzIAbn52h8vT6vXkYjZoM=",
        "owner": "numtide",
        "repo": "flake-utils",
        "rev": "7e2a3b3dfd9af950a856d66b0a7d01e3c18aa249",
        "type": "github"
      },
      "original": {
        "owner": "numtide",
        "repo": "flake-utils",
        "type": "github"
      }
    },
    "flake-utils_5": {
      "locked": {
        "lastModified": 1656928814,
        "narHash": "sha256-RIFfgBuKz6Hp89yRr7+NR5tzIAbn52h8vT6vXkYjZoM=",
        "owner": "numtide",
        "repo": "flake-utils",
        "rev": "7e2a3b3dfd9af950a856d66b0a7d01e3c18aa249",
        "type": "github"
      },
      "original": {
        "owner": "numtide",
        "repo": "flake-utils",
        "type": "github"
      }
    },
    "hy": {
      "flake": false,
      "locked": {
        "lastModified": 1655992551,
        "narHash": "sha256-PmnYOniYqNHGTxpWuAc+zBhOsgRgMMbERHq81KpHheg=",
        "owner": "hylang",
        "repo": "hy",
        "rev": "e375827a3603e33761810495a4b15a981178dc75",
        "type": "github"
      },
      "original": {
        "owner": "hylang",
        "ref": "0.24.0",
        "repo": "hy",
        "type": "github"
      }
    },
    "hyrule": {
      "flake": false,
      "locked": {
        "lastModified": 1655994589,
        "narHash": "sha256-/YHgJq+C5+yc+44s76OR0WELUm8KHL2xxtJmGDTChCM=",
        "owner": "hylang",
        "repo": "hyrule",
        "rev": "7bcfdcd8f04f248979f8c83b064d8ebabc14d3f6",
        "type": "github"
      },
      "original": {
        "owner": "hylang",
        "ref": "0.2",
        "repo": "hyrule",
        "type": "github"
      }
    },
    "lowdown-src": {
      "flake": false,
      "locked": {
        "lastModified": 1633514407,
        "narHash": "sha256-Dw32tiMjdK9t3ETl5fzGrutQTzh2rufgZV4A/BbxuD4=",
        "owner": "kristapsdz",
        "repo": "lowdown",
        "rev": "d2c2b44ff6c27b936ec27358a2653caaef8f73b8",
        "type": "github"
      },
      "original": {
        "owner": "kristapsdz",
        "repo": "lowdown",
        "type": "github"
      }
    },
    "nix": {
      "inputs": {
        "lowdown-src": "lowdown-src",
        "nixpkgs": "nixpkgs_2",
        "nixpkgs-regression": "nixpkgs-regression"
      },
      "locked": {
        "lastModified": 1657845014,
        "narHash": "sha256-iAE3Tq7G+FxjOgCjUcyFViuW95nNOcCtNB4OVrBkXH8=",
        "owner": "nixos",
        "repo": "nix",
        "rev": "de287964d5bf92cd811fce395061385c2079fba6",
        "type": "github"
      },
      "original": {
        "owner": "nixos",
        "repo": "nix",
        "type": "github"
      }
    },
    "nixos-21-11": {
      "locked": {
        "lastModified": 1656782578,
        "narHash": "sha256-1eMCBEqJplPotTo/SZ/t5HU6Sf2I8qKlZi9MX7jv9fw=",
        "owner": "NixOS",
        "repo": "nixpkgs",
        "rev": "573603b7fdb9feb0eb8efc16ee18a015c667ab1b",
        "type": "github"
      },
      "original": {
        "owner": "NixOS",
        "ref": "nixos-21.11",
        "repo": "nixpkgs",
        "type": "github"
      }
    },
    "nixos-21-11-small": {
      "locked": {
        "lastModified": 1656782578,
        "narHash": "sha256-1eMCBEqJplPotTo/SZ/t5HU6Sf2I8qKlZi9MX7jv9fw=",
        "owner": "NixOS",
        "repo": "nixpkgs",
        "rev": "573603b7fdb9feb0eb8efc16ee18a015c667ab1b",
        "type": "github"
      },
      "original": {
        "owner": "NixOS",
        "ref": "nixos-21.11-small",
        "repo": "nixpkgs",
        "type": "github"
      }
    },
    "nixos-22-05": {
      "locked": {
        "lastModified": 1657693803,
        "narHash": "sha256-G++2CJ9u0E7NNTAi9n5G8TdDmGJXcIjkJ3NF8cetQB8=",
        "owner": "NixOS",
        "repo": "nixpkgs",
        "rev": "365e1b3a859281cf11b94f87231adeabbdd878a2",
        "type": "github"
      },
      "original": {
        "owner": "NixOS",
        "ref": "nixos-22.05",
        "repo": "nixpkgs",
        "type": "github"
      }
    },
    "nixos-22-05-small": {
      "locked": {
        "lastModified": 1657693803,
        "narHash": "sha256-G++2CJ9u0E7NNTAi9n5G8TdDmGJXcIjkJ3NF8cetQB8=",
        "owner": "NixOS",
        "repo": "nixpkgs",
        "rev": "365e1b3a859281cf11b94f87231adeabbdd878a2",
        "type": "github"
      },
      "original": {
        "owner": "NixOS",
        "ref": "nixos-22.05-small",
        "repo": "nixpkgs",
        "type": "github"
      }
    },
    "nixos-master": {
      "locked": {
        "lastModified": 1657849727,
        "narHash": "sha256-68J4eSwzr98r7VCzgrX/WWaQzkY7gdKqH2uSyQheYj0=",
        "owner": "NixOS",
        "repo": "nixpkgs",
        "rev": "0b683abff06fe55755ea992ba47f2e787081a30f",
        "type": "github"
      },
      "original": {
        "owner": "NixOS",
        "ref": "master",
        "repo": "nixpkgs",
        "type": "github"
      }
    },
    "nixos-unstable": {
      "locked": {
        "lastModified": 1657624652,
        "narHash": "sha256-rFJNM0X/dxekT6EESSh80mlBGqztfN/XOF/oRL6in68=",
        "owner": "NixOS",
        "repo": "nixpkgs",
        "rev": "68c63e60b8413260605efbe1ac5addaa099cdfb3",
        "type": "github"
      },
      "original": {
        "owner": "NixOS",
        "ref": "nixos-unstable",
        "repo": "nixpkgs",
        "type": "github"
      }
    },
    "nixos-unstable-small": {
      "locked": {
        "lastModified": 1657784809,
        "narHash": "sha256-+Qigmk3dfdXSqJgDmAomjsad8n+QxZGuBMMgdxEicBs=",
        "owner": "NixOS",
        "repo": "nixpkgs",
        "rev": "5eb9bf5565c1aa2b375613ed22bdf55f1fd58e29",
        "type": "github"
      },
      "original": {
        "owner": "NixOS",
        "ref": "nixos-unstable-small",
        "repo": "nixpkgs",
        "type": "github"
      }
    },
    "nixpkgs": {
      "locked": {
        "lastModified": 1657800465,
        "narHash": "sha256-KfptECgyFFKouyYtmBjqOCh9N8pUt/noSW93ov0Xnv0=",
        "owner": "NixOS",
        "repo": "nixpkgs",
        "rev": "4bc1c1bd2f5b1101443fe775bb737a812fc8b925",
        "type": "github"
      },
      "original": {
        "id": "nixpkgs",
        "type": "indirect"
      }
    },
    "nixpkgs-regression": {
      "locked": {
        "lastModified": 1643052045,
        "narHash": "sha256-uGJ0VXIhWKGXxkeNnq4TvV3CIOkUJ3PAoLZ3HMzNVMw=",
        "owner": "NixOS",
        "repo": "nixpkgs",
        "rev": "215d4d0fd80ca5163643b03a33fde804a29cc1e2",
        "type": "github"
      },
      "original": {
        "owner": "NixOS",
        "repo": "nixpkgs",
        "rev": "215d4d0fd80ca5163643b03a33fde804a29cc1e2",
        "type": "github"
      }
    },
    "nixpkgs_2": {
      "locked": {
        "lastModified": 1657693803,
        "narHash": "sha256-G++2CJ9u0E7NNTAi9n5G8TdDmGJXcIjkJ3NF8cetQB8=",
        "owner": "NixOS",
        "repo": "nixpkgs",
        "rev": "365e1b3a859281cf11b94f87231adeabbdd878a2",
        "type": "github"
      },
      "original": {
        "owner": "NixOS",
        "ref": "nixos-22.05-small",
        "repo": "nixpkgs",
        "type": "github"
      }
    },
    "nixpkgs_3": {
      "locked": {
        "lastModified": 1657693803,
        "narHash": "sha256-G++2CJ9u0E7NNTAi9n5G8TdDmGJXcIjkJ3NF8cetQB8=",
        "owner": "NixOS",
        "repo": "nixpkgs",
        "rev": "365e1b3a859281cf11b94f87231adeabbdd878a2",
        "type": "github"
      },
      "original": {
        "owner": "NixOS",
        "ref": "nixos-22.05",
        "repo": "nixpkgs",
        "type": "github"
      }
    },
    "nixpkgs_4": {
      "locked": {
        "lastModified": 1657476024,
        "narHash": "sha256-4xnAf6VxE/efOwHt/MsG/g1gmpT78n/8oHqF1atzNjI=",
        "owner": "nixos",
        "repo": "nixpkgs",
        "rev": "cf034a867e08b7e083df1658c915c58456dbbde2",
        "type": "github"
      },
      "original": {
        "owner": "nixos",
        "ref": "nixos-22.05",
        "repo": "nixpkgs",
        "type": "github"
      }
    },
    "nixpkgs_5": {
      "locked": {
        "lastModified": 1657476024,
        "narHash": "sha256-4xnAf6VxE/efOwHt/MsG/g1gmpT78n/8oHqF1atzNjI=",
        "owner": "nixos",
        "repo": "nixpkgs",
        "rev": "cf034a867e08b7e083df1658c915c58456dbbde2",
        "type": "github"
      },
      "original": {
        "owner": "nixos",
        "ref": "nixos-22.05",
        "repo": "nixpkgs",
        "type": "github"
      }
    },
    "node2nix": {
      "flake": false,
      "locked": {
        "lastModified": 1653227418,
        "narHash": "sha256-UdGGwdFQ2JzPSjE48QA2Ugqg1icQCjTNDW1HmHi68Zc=",
        "owner": "svanderburg",
        "repo": "node2nix",
        "rev": "9377fe4a45274fab0c7faba4f7c43ffae8421dd2",
        "type": "github"
      },
      "original": {
        "owner": "svanderburg",
        "repo": "node2nix",
        "type": "github"
      }
    },
    "nur": {
      "locked": {
        "lastModified": 1657856172,
        "narHash": "sha256-i9WxpywnYa3yo8Tk2J9Ruqp3l1u+c8+FlavJPT4A6xg=",
        "owner": "nix-community",
        "repo": "nur",
        "rev": "22b9da76dc8786deb8d87229592f32da21a98dfa",
        "type": "github"
      },
      "original": {
        "owner": "nix-community",
        "repo": "nur",
        "type": "github"
      }
    },
    "py3pkg-oreo": {
      "inputs": {
        "flake-compat": "flake-compat_3",
        "flake-utils": "flake-utils_4",
        "nixpkgs": "nixpkgs_4",
        "settings": [
          "settings"
        ]
      },
      "locked": {
        "lastModified": 1657693136,
        "narHash": "sha256-5r0H1bj8bClsPieL+Pi0B+zgnPthN01gJVaj9FuLI/o=",
        "owner": "syvlorg",
        "repo": "oreo",
        "rev": "5497943c567aecf0e20e0e475794a9ddb78f4405",
        "type": "github"
      },
      "original": {
        "owner": "syvlorg",
        "repo": "oreo",
        "type": "github"
      }
    },
    "py3pkg-rich": {
      "inputs": {
        "flake-compat": "flake-compat_4",
        "flake-utils": "flake-utils_5",
        "nixpkgs": "nixpkgs_5",
        "settings": [
          "settings"
        ]
      },
      "locked": {
        "lastModified": 1657665046,
        "narHash": "sha256-TLyP+xGRmRZ2833kkCEC/TGGELRfSnSJ3O7DvaVw8zY=",
        "owner": "syvlorg",
        "repo": "rich",
        "rev": "2fcf301a55b6ca5ea1921048f86aca8f6a022fb2",
        "type": "github"
      },
      "original": {
        "owner": "syvlorg",
        "repo": "rich",
        "type": "github"
      }
    },
    "root": {
      "inputs": {
        "flake-compat": "flake-compat",
        "flake-utils": "flake-utils",
        "nixpkgs": [
          "settings",
          "nixpkgs"
        ],
        "settings": "settings"
      }
    },
    "settings": {
      "inputs": {
        "emacs": "emacs",
        "flake-compat": "flake-compat_2",
        "flake-utils": "flake-utils_3",
        "hy": "hy",
        "hyrule": "hyrule",
        "nix": "nix",
        "nixos-21-11": "nixos-21-11",
        "nixos-21-11-small": "nixos-21-11-small",
        "nixos-22-05": "nixos-22-05",
        "nixos-22-05-small": "nixos-22-05-small",
        "nixos-master": "nixos-master",
        "nixos-unstable": "nixos-unstable",
        "nixos-unstable-small": "nixos-unstable-small",
        "nixpkgs": "nixpkgs_3",
        "node2nix": "node2nix",
        "nur": "nur",
        "py3pkg-oreo": "py3pkg-oreo",
        "py3pkg-rich": "py3pkg-rich"
      },
      "locked": {
        "lastModified": 1657857638,
        "narHash": "sha256-ZSlQmjO2oFPDchoZtOQ1JYiDLH/qBpcaZS+Z5td8Yys=",
        "owner": "sylvorg",
        "repo": "settings",
        "rev": "1cd534abf6c79f10c8c7370c95f4919cb0d1a0e0",
        "type": "github"
      },
      "original": {
        "owner": "sylvorg",
        "repo": "settings",
        "type": "github"
      }
    }
  },
  "root": "root",
  "version": 7
}
